// !$*UTF8*$!
{
	archiveVersion = 1;
	classes = {
	};
	objectVersion = 50;
	objects = {

/* Begin PBXBuildFile section */
		B654D53C24887065000B6F79 /* ColorData.swift in Sources */ = {isa = PBXBuildFile; fileRef = B654D53B24887065000B6F79 /* ColorData.swift */; };
		B68C4AAA248710B700943D11 /* AppDelegate.swift in Sources */ = {isa = PBXBuildFile; fileRef = B68C4AA9248710B700943D11 /* AppDelegate.swift */; };
		B68C4AAC248710B700943D11 /* SceneDelegate.swift in Sources */ = {isa = PBXBuildFile; fileRef = B68C4AAB248710B700943D11 /* SceneDelegate.swift */; };
		B68C4AAE248710B700943D11 /* ContentView.swift in Sources */ = {isa = PBXBuildFile; fileRef = B68C4AAD248710B700943D11 /* ContentView.swift */; };
		B68C4AB0248710BA00943D11 /* Assets.xcassets in Resources */ = {isa = PBXBuildFile; fileRef = B68C4AAF248710BA00943D11 /* Assets.xcassets */; };
		B68C4AB3248710BA00943D11 /* Preview Assets.xcassets in Resources */ = {isa = PBXBuildFile; fileRef = B68C4AB2248710BA00943D11 /* Preview Assets.xcassets */; };
		B68C4AB6248710BA00943D11 /* LaunchScreen.storyboard in Resources */ = {isa = PBXBuildFile; fileRef = B68C4AB4248710BA00943D11 /* LaunchScreen.storyboard */; };
		B68C4ACA2487547800943D11 /* CalendarHeatmap.framework in Frameworks */ = {isa = PBXBuildFile; fileRef = B68C4AC82487547500943D11 /* CalendarHeatmap.framework */; };
		B68C4ACB2487547800943D11 /* CalendarHeatmap.framework in Embed Frameworks */ = {isa = PBXBuildFile; fileRef = B68C4AC82487547500943D11 /* CalendarHeatmap.framework */; settings = {ATTRIBUTES = (CodeSignOnCopy, RemoveHeadersOnCopy, ); }; };
		B68C4ACD2487576800943D11 /* heatmap.plist in Resources */ = {isa = PBXBuildFile; fileRef = B68C4ACC2487576800943D11 /* heatmap.plist */; };
/* End PBXBuildFile section */

/* Begin PBXCopyFilesBuildPhase section */
		B68C4AC5248753B200943D11 /* Embed Frameworks */ = {
			isa = PBXCopyFilesBuildPhase;
			buildActionMask = 2147483647;
			dstPath = "";
			dstSubfolderSpec = 10;
			files = (
				B68C4ACB2487547800943D11 /* CalendarHeatmap.framework in Embed Frameworks */,
			);
			name = "Embed Frameworks";
			runOnlyForDeploymentPostprocessing = 0;
		};
/* End PBXCopyFilesBuildPhase section */

/* Begin PBXFileReference section */
		B654D53B24887065000B6F79 /* ColorData.swift */ = {isa = PBXFileReference; lastKnownFileType = sourcecode.swift; path = ColorData.swift; sourceTree = "<group>"; };
		B68C4AA6248710B700943D11 /* CalendarHeatmapSwiftUI.app */ = {isa = PBXFileReference; explicitFileType = wrapper.application; includeInIndex = 0; path = CalendarHeatmapSwiftUI.app; sourceTree = BUILT_PRODUCTS_DIR; };
		B68C4AA9248710B700943D11 /* AppDelegate.swift */ = {isa = PBXFileReference; lastKnownFileType = sourcecode.swift; path = AppDelegate.swift; sourceTree = "<group>"; };
		B68C4AAB248710B700943D11 /* SceneDelegate.swift */ = {isa = PBXFileReference; lastKnownFileType = sourcecode.swift; path = SceneDelegate.swift; sourceTree = "<group>"; };
		B68C4AAD248710B700943D11 /* ContentView.swift */ = {isa = PBXFileReference; lastKnownFileType = sourcecode.swift; path = ContentView.swift; sourceTree = "<group>"; };
		B68C4AAF248710BA00943D11 /* Assets.xcassets */ = {isa = PBXFileReference; lastKnownFileType = folder.assetcatalog; path = Assets.xcassets; sourceTree = "<group>"; };
		B68C4AB2248710BA00943D11 /* Preview Assets.xcassets */ = {isa = PBXFileReference; lastKnownFileType = folder.assetcatalog; path = "Preview Assets.xcassets"; sourceTree = "<group>"; };
		B68C4AB5248710BA00943D11 /* Base */ = {isa = PBXFileReference; lastKnownFileType = file.storyboard; name = Base; path = Base.lproj/LaunchScreen.storyboard; sourceTree = "<group>"; };
		B68C4AB7248710BA00943D11 /* Info.plist */ = {isa = PBXFileReference; lastKnownFileType = text.plist.xml; path = Info.plist; sourceTree = "<group>"; };
		B68C4AC82487547500943D11 /* CalendarHeatmap.framework */ = {isa = PBXFileReference; lastKnownFileType = wrapper.framework; name = CalendarHeatmap.framework; path = Frameworks/CalendarHeatmap.framework; sourceTree = "<group>"; };
		B68C4ACC2487576800943D11 /* heatmap.plist */ = {isa = PBXFileReference; fileEncoding = 4; lastKnownFileType = text.plist.xml; path = heatmap.plist; sourceTree = "<group>"; };
/* End PBXFileReference section */

/* Begin PBXFrameworksBuildPhase section */
		B68C4AA3248710B700943D11 /* Frameworks */ = {
			isa = PBXFrameworksBuildPhase;
			buildActionMask = 2147483647;
			files = (
				B68C4ACA2487547800943D11 /* CalendarHeatmap.framework in Frameworks */,
			);
			runOnlyForDeploymentPostprocessing = 0;
		};
/* End PBXFrameworksBuildPhase section */

/* Begin PBXGroup section */
		B68C4A9D248710B700943D11 = {
			isa = PBXGroup;
			children = (
				B68C4AA8248710B700943D11 /* CalendarHeatmapSwiftUI */,
			);
			sourceTree = "<group>";
		};
		B68C4AA7248710B700943D11 /* Products */ = {
			isa = PBXGroup;
			children = (
				B68C4AA6248710B700943D11 /* CalendarHeatmapSwiftUI.app */,
			);
			name = Products;
			path = ..;
			sourceTree = "<group>";
		};
		B68C4AA8248710B700943D11 /* CalendarHeatmapSwiftUI */ = {
			isa = PBXGroup;
			children = (
				B68C4ACC2487576800943D11 /* heatmap.plist */,
				B68C4AC82487547500943D11 /* CalendarHeatmap.framework */,
				B68C4AA9248710B700943D11 /* AppDelegate.swift */,
				B68C4AAB248710B700943D11 /* SceneDelegate.swift */,
				B654D53B24887065000B6F79 /* ColorData.swift */,
				B68C4AAD248710B700943D11 /* ContentView.swift */,
				B68C4AAF248710BA00943D11 /* Assets.xcassets */,
				B68C4AB4248710BA00943D11 /* LaunchScreen.storyboard */,
				B68C4AB7248710BA00943D11 /* Info.plist */,
				B68C4AB1248710BA00943D11 /* Preview Content */,
				B68C4AA7248710B700943D11 /* Products */,
			);
			path = CalendarHeatmapSwiftUI;
			sourceTree = "<group>";
		};
		B68C4AB1248710BA00943D11 /* Preview Content */ = {
			isa = PBXGroup;
			children = (
				B68C4AB2248710BA00943D11 /* Preview Assets.xcassets */,
			);
			path = "Preview Content";
			sourceTree = "<group>";
		};
/* End PBXGroup section */

/* Begin PBXNativeTarget section */
		B68C4AA5248710B700943D11 /* CalendarHeatmapSwiftUI */ = {
			isa = PBXNativeTarget;
			buildConfigurationList = B68C4ABA248710BA00943D11 /* Build configuration list for PBXNativeTarget "CalendarHeatmapSwiftUI" */;
			buildPhases = (
				B68C4AA2248710B700943D11 /* Sources */,
				B68C4AA3248710B700943D11 /* Frameworks */,
				B68C4AA4248710B700943D11 /* Resources */,
				B68C4AC5248753B200943D11 /* Embed Frameworks */,
			);
			buildRules = (
			);
			dependencies = (
			);
			name = CalendarHeatmapSwiftUI;
			productName = CalendarHeatmapSwiftUI;
			productReference = B68C4AA6248710B700943D11 /* CalendarHeatmapSwiftUI.app */;
			productType = "com.apple.product-type.application";
		};
/* End PBXNativeTarget section */

/* Begin PBXProject section */
		B68C4A9E248710B700943D11 /* Project object */ = {
			isa = PBXProject;
			attributes = {
				LastSwiftUpdateCheck = 1140;
				LastUpgradeCheck = 1140;
				ORGANIZATIONNAME = Zachary;
				TargetAttributes = {
					B68C4AA5248710B700943D11 = {
						CreatedOnToolsVersion = 11.4.1;
					};
				};
			};
			buildConfigurationList = B68C4AA1248710B700943D11 /* Build configuration list for PBXProject "CalendarHeatmapSwiftUI" */;
			compatibilityVersion = "Xcode 9.3";
			developmentRegion = en;
			hasScannedForEncodings = 0;
			knownRegions = (
				en,
				Base,
			);
			mainGroup = B68C4A9D248710B700943D11;
			productRefGroup = B68C4AA7248710B700943D11 /* Products */;
			projectDirPath = "";
			projectRoot = "";
			targets = (
				B68C4AA5248710B700943D11 /* CalendarHeatmapSwiftUI */,
			);
		};
/* End PBXProject section */

/* Begin PBXResourcesBuildPhase section */
		B68C4AA4248710B700943D11 /* Resources */ = {
			isa = PBXResourcesBuildPhase;
			buildActionMask = 2147483647;
			files = (
				B68C4AB6248710BA00943D11 /* LaunchScreen.storyboard in Resources */,
				B68C4AB3248710BA00943D11 /* Preview Assets.xcassets in Resources */,
				B68C4AB0248710BA00943D11 /* Assets.xcassets in Resources */,
				B68C4ACD2487576800943D11 /* heatmap.plist in Resources */,
			);
			runOnlyForDeploymentPostprocessing = 0;
		};
/* End PBXResourcesBuildPhase section */

/* Begin PBXSourcesBuildPhase section */
		B68C4AA2248710B700943D11 /* Sources */ = {
			isa = PBXSourcesBuildPhase;
			buildActionMask = 2147483647;
			files = (
				B68C4AAA248710B700943D11 /* AppDelegate.swift in Sources */,
				B68C4AAC248710B700943D11 /* SceneDelegate.swift in Sources */,
				B68C4AAE248710B700943D11 /* ContentView.swift in Sources */,
				B654D53C24887065000B6F79 /* ColorData.swift in Sources */,
			);
			runOnlyForDeploymentPostprocessing = 0;
		};
/* End PBXSourcesBuildPhase section */

/* Begin PBXVariantGroup section */
		B68C4AB4248710BA00943D11 /* LaunchScreen.storyboard */ = {
			isa = PBXVariantGroup;
			children = (
				B68C4AB5248710BA00943D11 /* Base */,
			);
			name = LaunchScreen.storyboard;
			sourceTree = "<group>";
		};
/* End PBXVariantGroup section */

/* Begin XCBuildConfiguration section */
		B68C4AB8248710BA00943D11 /* Debug */ = {
			isa = XCBuildConfiguration;
			buildSettings = {
				ALWAYS_SEARCH_USER_PATHS = NO;
				CLANG_ANALYZER_NONNULL = YES;
				CLANG_ANALYZER_NUMBER_OBJECT_CONVERSION = YES_AGGRESSIVE;
				CLANG_CXX_LANGUAGE_STANDARD = "gnu++14";
				CLANG_CXX_LIBRARY = "libc++";
				CLANG_ENABLE_MODULES = YES;
				CLANG_ENABLE_OBJC_ARC = YES;
				CLANG_ENABLE_OBJC_WEAK = YES;
				CLANG_WARN_BLOCK_CAPTURE_AUTORELEASING = YES;
				CLANG_WARN_BOOL_CONVERSION = YES;
				CLANG_WARN_COMMA = YES;
				CLANG_WARN_CONSTANT_CONVERSION = YES;
				CLANG_WARN_DEPRECATED_OBJC_IMPLEMENTATIONS = YES;
				CLANG_WARN_DIRECT_OBJC_ISA_USAGE = YES_ERROR;
				CLANG_WARN_DOCUMENTATION_COMMENTS = YES;
				CLANG_WARN_EMPTY_BODY = YES;
				CLANG_WARN_ENUM_CONVERSION = YES;
				CLANG_WARN_INFINITE_RECURSION = YES;
				CLANG_WARN_INT_CONVERSION = YES;
				CLANG_WARN_NON_LITERAL_NULL_CONVERSION = YES;
				CLANG_WARN_OBJC_IMPLICIT_RETAIN_SELF = YES;
				CLANG_WARN_OBJC_LITERAL_CONVERSION = YES;
				CLANG_WARN_OBJC_ROOT_CLASS = YES_ERROR;
				CLANG_WARN_RANGE_LOOP_ANALYSIS = YES;
				CLANG_WARN_STRICT_PROTOTYPES = YES;
				CLANG_WARN_SUSPICIOUS_MOVE = YES;
				CLANG_WARN_UNGUARDED_AVAILABILITY = YES_AGGRESSIVE;
				CLANG_WARN_UNREACHABLE_CODE = YES;
				CLANG_WARN__DUPLICATE_METHOD_MATCH = YES;
				COPY_PHASE_STRIP = NO;
				DEBUG_INFORMATION_FORMAT = dwarf;
				ENABLE_STRICT_OBJC_MSGSEND = YES;
				ENABLE_TESTABILITY = YES;
				GCC_C_LANGUAGE_STANDARD = gnu11;
				GCC_DYNAMIC_NO_PIC = NO;
				GCC_NO_COMMON_BLOCKS = YES;
				GCC_OPTIMIZATION_LEVEL = 0;
				GCC_PREPROCESSOR_DEFINITIONS = (
					"DEBUG=1",
					"$(inherited)",
				);
				GCC_WARN_64_TO_32_BIT_CONVERSION = YES;
				GCC_WARN_ABOUT_RETURN_TYPE = YES_ERROR;
				GCC_WARN_UNDECLARED_SELECTOR = YES;
				GCC_WARN_UNINITIALIZED_AUTOS = YES_AGGRESSIVE;
				GCC_WARN_UNUSED_FUNCTION = YES;
				GCC_WARN_UNUSED_VARIABLE = YES;
				IPHONEOS_DEPLOYMENT_TARGET = 13.4;
				MTL_ENABLE_DEBUG_INFO = INCLUDE_SOURCE;
				MTL_FAST_MATH = YES;
				ONLY_ACTIVE_ARCH = YES;
				SDKROOT = iphoneos;
				SWIFT_ACTIVE_COMPILATION_CONDITIONS = DEBUG;
				SWIFT_OPTIMIZATION_LEVEL = "-Onone";
			};
			name = Debug;
		};
		B68C4AB9248710BA00943D11 /* Release */ = {
			isa = XCBuildConfiguration;
			buildSettings = {
				ALWAYS_SEARCH_USER_PATHS = NO;
				CLANG_ANALYZER_NONNULL = YES;
				CLANG_ANALYZER_NUMBER_OBJECT_CONVERSION = YES_AGGRESSIVE;
				CLANG_CXX_LANGUAGE_STANDARD = "gnu++14";
				CLANG_CXX_LIBRARY = "libc++";
				CLANG_ENABLE_MODULES = YES;
				CLANG_ENABLE_OBJC_ARC = YES;
				CLANG_ENABLE_OBJC_WEAK = YES;
				CLANG_WARN_BLOCK_CAPTURE_AUTORELEASING = YES;
				CLANG_WARN_BOOL_CONVERSION = YES;
				CLANG_WARN_COMMA = YES;
				CLANG_WARN_CONSTANT_CONVERSION = YES;
				CLANG_WARN_DEPRECATED_OBJC_IMPLEMENTATIONS = YES;
				CLANG_WARN_DIRECT_OBJC_ISA_USAGE = YES_ERROR;
				CLANG_WARN_DOCUMENTATION_COMMENTS = YES;
				CLANG_WARN_EMPTY_BODY = YES;
				CLANG_WARN_ENUM_CONVERSION = YES;
				CLANG_WARN_INFINITE_RECURSION = YES;
				CLANG_WARN_INT_CONVERSION = YES;
				CLANG_WARN_NON_LITERAL_NULL_CONVERSION = YES;
				CLANG_WARN_OBJC_IMPLICIT_RETAIN_SELF = YES;
				CLANG_WARN_OBJC_LITERAL_CONVERSION = YES;
				CLANG_WARN_OBJC_ROOT_CLASS = YES_ERROR;
				CLANG_WARN_RANGE_LOOP_ANALYSIS = YES;
				CLANG_WARN_STRICT_PROTOTYPES = YES;
				CLANG_WARN_SUSPICIOUS_MOVE = YES;
				CLANG_WARN_UNGUARDED_AVAILABILITY = YES_AGGRESSIVE;
				CLANG_WARN_UNREACHABLE_CODE = YES;
				CLANG_WARN__DUPLICATE_METHOD_MATCH = YES;
				COPY_PHASE_STRIP = NO;
				DEBUG_INFORMATION_FORMAT = "dwarf-with-dsym";
				ENABLE_NS_ASSERTIONS = NO;
				ENABLE_STRICT_OBJC_MSGSEND = YES;
				GCC_C_LANGUAGE_STANDARD = gnu11;
				GCC_NO_COMMON_BLOCKS = YES;
				GCC_WARN_64_TO_32_BIT_CONVERSION = YES;
				GCC_WARN_ABOUT_RETURN_TYPE = YES_ERROR;
				GCC_WARN_UNDECLARED_SELECTOR = YES;
				GCC_WARN_UNINITIALIZED_AUTOS = YES_AGGRESSIVE;
				GCC_WARN_UNUSED_FUNCTION = YES;
				GCC_WARN_UNUSED_VARIABLE = YES;
				IPHONEOS_DEPLOYMENT_TARGET = 13.4;
				MTL_ENABLE_DEBUG_INFO = NO;
				MTL_FAST_MATH = YES;
				SDKROOT = iphoneos;
				SWIFT_COMPILATION_MODE = wholemodule;
				SWIFT_OPTIMIZATION_LEVEL = "-O";
				VALIDATE_PRODUCT = YES;
			};
			name = Release;
		};
		B68C4ABB248710BA00943D11 /* Debug */ = {
			isa = XCBuildConfiguration;
			buildSettings = {
				ASSETCATALOG_COMPILER_APPICON_NAME = AppIcon;
				CODE_SIGN_STYLE = Automatic;
				DEVELOPMENT_ASSET_PATHS = "\"CalendarHeatmapSwiftUI/Preview Content\"";
				DEVELOPMENT_TEAM = "";
				ENABLE_PREVIEWS = YES;
				FRAMEWORK_SEARCH_PATHS = (
					"$(inherited)",
					"$(PROJECT_DIR)/CalendarHeatmapSwiftUI/frameworks",
					"$(PROJECT_DIR)/CalendarHeatmapSwiftUI/Frameworks",
				);
				INFOPLIST_FILE = CalendarHeatmapSwiftUI/Info.plist;
				LD_RUNPATH_SEARCH_PATHS = (
					"$(inherited)",
					"@executable_path/Frameworks",
				);
				PRODUCT_BUNDLE_IDENTIFIER = zachary.CalendarHeatmapSwiftUI;
				PRODUCT_NAME = "$(TARGET_NAME)";
				SWIFT_VERSION = 5.0;
				TARGETED_DEVICE_FAMILY = "1,2";
			};
			name = Debug;
		};
		B68C4ABC248710BA00943D11 /* Release */ = {
			isa = XCBuildConfiguration;
			buildSettings = {
				ASSETCATALOG_COMPILER_APPICON_NAME = AppIcon;
				CODE_SIGN_STYLE = Automatic;
				DEVELOPMENT_ASSET_PATHS = "\"CalendarHeatmapSwiftUI/Preview Content\"";
				DEVELOPMENT_TEAM = "";
				ENABLE_PREVIEWS = YES;
				FRAMEWORK_SEARCH_PATHS = (
					"$(inherited)",
					"$(PROJECT_DIR)/CalendarHeatmapSwiftUI/frameworks",
					"$(PROJECT_DIR)/CalendarHeatmapSwiftUI/Frameworks",
				);
				INFOPLIST_FILE = CalendarHeatmapSwiftUI/Info.plist;
				LD_RUNPATH_SEARCH_PATHS = (
					"$(inherited)",
					"@executable_path/Frameworks",
				);
				PRODUCT_BUNDLE_IDENTIFIER = zachary.CalendarHeatmapSwiftUI;
				PRODUCT_NAME = "$(TARGET_NAME)";
				SWIFT_VERSION = 5.0;
				TARGETED_DEVICE_FAMILY = "1,2";
			};
			name = Release;
		};
/* End XCBuildConfiguration section */

/* Begin XCConfigurationList section */
		B68C4AA1248710B700943D11 /* Build configuration list for PBXProject "CalendarHeatmapSwiftUI" */ = {
			isa = XCConfigurationList;
			buildConfigurations = (
				B68C4AB8248710BA00943D11 /* Debug */,
				B68C4AB9248710BA00943D11 /* Release */,
			);
			defaultConfigurationIsVisible = 0;
			defaultConfigurationName = Release;
		};
		B68C4ABA248710BA00943D11 /* Build configuration list for PBXNativeTarget "CalendarHeatmapSwiftUI" */ = {
			isa = XCConfigurationList;
			buildConfigurations = (
				B68C4ABB248710BA00943D11 /* Debug */,
				B68C4ABC248710BA00943D11 /* Release */,
			);
			defaultConfigurationIsVisible = 0;
			defaultConfigurationName = Release;
		};
/* End XCConfigurationList section */
	};
	rootObject = B68C4A9E248710B700943D11 /* Project object */;
}
